<?xml version="1.0" encoding="utf-8"?>
<Project ToolsVersion="4.0" xmlns="http://schemas.microsoft.com/developer/msbuild/2003">
  <ItemGroup>
    <Filter Include="리소스 파일">
      <UniqueIdentifier>{67DA6AB6-F800-4c08-8B7A-83BB121AAD01}</UniqueIdentifier>
      <Extensions>rc;ico;cur;bmp;dlg;rc2;rct;bin;rgs;gif;jpg;jpeg;jpe;resx;tiff;tif;png;wav;mfcribbon-ms</Extensions>
    </Filter>
    <Filter Include="Game">
      <UniqueIdentifier>{eca5d884-612a-4d30-9df7-c2085d3acb28}</UniqueIdentifier>
    </Filter>
    <Filter Include="Main">
      <UniqueIdentifier>{e7ee5575-8128-4dce-9688-6d8744411b13}</UniqueIdentifier>
    </Filter>
    <Filter Include="GameObject">
      <UniqueIdentifier>{d1e5ff7c-47c3-4463-bd23-2798e80749b8}</UniqueIdentifier>
    </Filter>
    <Filter Include="Scenes">
      <UniqueIdentifier>{e10fb05d-159f-4d11-a8cf-94acc5133fc0}</UniqueIdentifier>
    </Filter>
    <Filter Include="리소스 파일\리소스 파일">
      <UniqueIdentifier>{4fb15466-4e7c-43ef-b9ac-e5b5d3b2dab4}</UniqueIdentifier>
    </Filter>
    <Filter Include="Sound">
      <UniqueIdentifier>{898a361d-db26-4d6c-9dca-7fc6ad2745f2}</UniqueIdentifier>
    </Filter>
    <Filter Include="BonusScene">
      <UniqueIdentifier>{91c5f60e-d4d5-4eb7-9d39-d779cdb17855}</UniqueIdentifier>
    </Filter>
  </ItemGroup>
  <ItemGroup>
    <ClInclude Include="Client.h">
      <Filter>Main</Filter>
    </ClInclude>
    <ClInclude Include="framework.h">
      <Filter>Main</Filter>
    </ClInclude>
    <ClInclude Include="Resource.h">
      <Filter>Main</Filter>
    </ClInclude>
    <ClInclude Include="targetver.h">
      <Filter>Main</Filter>
    </ClInclude>
    <ClInclude Include="Game.h">
      <Filter>Game</Filter>
    </ClInclude>
    <ClInclude Include="pch.h">
      <Filter>Main</Filter>
    </ClInclude>
    <ClInclude Include="Player.h">
      <Filter>GameObject</Filter>
    </ClInclude>
    <ClInclude Include="Scene01.h">
      <Filter>Scenes</Filter>
    </ClInclude>
    <ClInclude Include="Scene02.h">
      <Filter>Scenes</Filter>
    </ClInclude>
    <ClInclude Include="LogoScene.h">
      <Filter>Scenes</Filter>
    </ClInclude>
    <ClInclude Include="BonusScene.h">
      <Filter>BonusScene</Filter>
    </ClInclude>
    <ClInclude Include="Scene03.h">
      <Filter>Scenes</Filter>
    </ClInclude>
    <ClInclude Include="SuperSonic.h">
      <Filter>GameObject</Filter>
    </ClInclude>
    <ClInclude Include="DoomsDay.h">
      <Filter>GameObject</Filter>
    </ClInclude>
    <ClInclude Include="SkillRing.h">
      <Filter>GameObject</Filter>
    </ClInclude>
  </ItemGroup>
  <ItemGroup>
    <ResourceCompile Include="Client.rc">
      <Filter>리소스 파일</Filter>
    </ResourceCompile>
  </ItemGroup>
  <ItemGroup>
    <Image Include="small.ico">
      <Filter>리소스 파일</Filter>
    </Image>
    <Image Include="Client.ico">
      <Filter>리소스 파일</Filter>
    </Image>
  </ItemGroup>
  <ItemGroup>
    <ClCompile Include="Client.cpp">
      <Filter>Main</Filter>
    </ClCompile>
    <ClCompile Include="Game.cpp">
      <Filter>Game</Filter>
    </ClCompile>
    <ClCompile Include="pch.cpp">
      <Filter>Main</Filter>
    </ClCompile>
    <ClCompile Include="Player.cpp">
      <Filter>GameObject</Filter>
    </ClCompile>
    <ClCompile Include="Scene01.cpp">
      <Filter>Scenes</Filter>
    </ClCompile>
    <ClCompile Include="Scene02.cpp">
      <Filter>Scenes</Filter>
    </ClCompile>
    <ClCompile Include="LogoScene.cpp">
      <Filter>Scenes</Filter>
    </ClCompile>
    <ClCompile Include="BonusScene.cpp">
      <Filter>BonusScene</Filter>
    </ClCompile>
    <ClCompile Include="Scene03.cpp">
      <Filter>Scenes</Filter>
    </ClCompile>
    <ClCompile Include="SuperSonic.cpp">
      <Filter>GameObject</Filter>
    </ClCompile>
    <ClCompile Include="DoomsDay.cpp">
      <Filter>GameObject</Filter>
    </ClCompile>
    <ClCompile Include="SkillRing.cpp">
      <Filter>GameObject</Filter>
    </ClCompile>
  </ItemGroup>
</Project>